# THIS IS AN AUTOGENERATED FILE. DO NOT EDIT THIS FILE DIRECTLY.
# yarn lockfile v1


"@arrows/array@^1.4.1":
  version "1.4.1"
  resolved "https://registry.yarnpkg.com/@arrows/array/-/array-1.4.1.tgz#a6580a08cee219755ca9a8eb14e956d3c29a5508"
  integrity sha512-MGYS8xi3c4tTy1ivhrVntFvufoNzje0PchjEz6G/SsWRgUKxL4tKwS6iPdO8vsaJYldagAeWMd5KRD0aX3Q39g==
  dependencies:
    "@arrows/composition" "^1.2.2"

"@arrows/composition@^1.2.2":
  version "1.2.2"
  resolved "https://registry.yarnpkg.com/@arrows/composition/-/composition-1.2.2.tgz#d0a213cac8f8c36c1c75856a1e6ed940c27e9169"
  integrity sha512-9fh1yHwrx32lundiB3SlZ/VwuStPB4QakPsSLrGJFH6rCXvdrd060ivAZ7/2vlqPnEjBkPRRXOcG1YOu19p2GQ==

"@arrows/dispatch@^1.0.3":
  version "1.0.3"
  resolved "https://registry.yarnpkg.com/@arrows/dispatch/-/dispatch-1.0.3.tgz#c4c06260f89e9dd4ce280df3712980aa2f3de976"
  integrity sha512-v/HwvrFonitYZM2PmBlAlCqVqxrkIIoiEuy5bQgn0BdfvlL0ooSBzcPzTMrtzY8eYktPyYcHg8fLbSgyybXEqw==
  dependencies:
    "@arrows/composition" "^1.2.2"

"@arrows/error@^1.0.2":
  version "1.0.2"
  resolved "https://registry.yarnpkg.com/@arrows/error/-/error-1.0.2.tgz#4e68036f901118ba6f1de88656ef6be49e650414"
  integrity sha512-yvkiv1ay4Z3+Z6oQsUkedsQm5aFdyPpkBUQs8vejazU/RmANABx6bMMcBPPHI4aW43VPQmXFfBzr/4FExwWTEA==

"@arrows/multimethod@^1.4.1":
  version "1.4.1"
  resolved "https://registry.yarnpkg.com/@arrows/multimethod/-/multimethod-1.4.1.tgz#319d0b6f84d22522dd2f4b24f04137b6219f0300"
  integrity sha512-AZnAay0dgPnCJxn3We5uKiB88VL+1ZIF2SjZohLj6vqY2UyvB/sKdDnFP+LZNVsTC5lcnGPmLlRRkAh4sXkXsQ==
  dependencies:
    "@arrows/array" "^1.4.1"
    "@arrows/composition" "^1.2.2"
    "@arrows/error" "^1.0.2"
    fast-deep-equal "^3.1.3"

fast-deep-equal@^3.1.3:
  version "3.1.3"
  resolved "https://registry.yarnpkg.com/fast-deep-equal/-/fast-deep-equal-3.1.3.tgz#3a7d56b559d6cbc3eb512325244e619a65c6c525"
  integrity sha512-f3qQ9oQy9j2AhBe/H9VC91wLmKBCCU/gDOnKNAYG5hswO7BLKj09Hc5HYNz9cGI++xlpDCIgDaitVs03ATR84Q==
